// !$*UTF8*$!
{
	archiveVersion = 1;
	classes = {
	};
	objectVersion = 56;
	objects = {

/* Begin PBXBuildFile section */
		C443B8BA295CD87400C4E95D /* AppDelegate.swift in Sources */ = {isa = PBXBuildFile; fileRef = C443B8B9295CD87400C4E95D /* AppDelegate.swift */; };
		C443B8BC295CD87400C4E95D /* ViewController.swift in Sources */ = {isa = PBXBuildFile; fileRef = C443B8BB295CD87400C4E95D /* ViewController.swift */; };
		C443B8BE295CD87500C4E95D /* Assets.xcassets in Resources */ = {isa = PBXBuildFile; fileRef = C443B8BD295CD87500C4E95D /* Assets.xcassets */; };
		C443B8C1295CD87500C4E95D /* Main.storyboard in Resources */ = {isa = PBXBuildFile; fileRef = C443B8BF295CD87500C4E95D /* Main.storyboard */; };
		C443B8CC295CD87500C4E95D /* UnspecifiedQoSTests.swift in Sources */ = {isa = PBXBuildFile; fileRef = C443B8CB295CD87500C4E95D /* UnspecifiedQoSTests.swift */; };
/* End PBXBuildFile section */

/* Begin PBXContainerItemProxy section */
		C443B8C8295CD87500C4E95D /* PBXContainerItemProxy */ = {
			isa = PBXContainerItemProxy;
			containerPortal = C443B8AE295CD87400C4E95D /* Project object */;
			proxyType = 1;
			remoteGlobalIDString = C443B8B5295CD87400C4E95D;
			remoteInfo = UnspecifiedQoS;
		};
/* End PBXContainerItemProxy section */

/* Begin PBXFileReference section */
		C443B8B6295CD87400C4E95D /* UnspecifiedQoS.app */ = {isa = PBXFileReference; explicitFileType = wrapper.application; includeInIndex = 0; path = UnspecifiedQoS.app; sourceTree = BUILT_PRODUCTS_DIR; };
		C443B8B9295CD87400C4E95D /* AppDelegate.swift */ = {isa = PBXFileReference; lastKnownFileType = sourcecode.swift; path = AppDelegate.swift; sourceTree = "<group>"; };
		C443B8BB295CD87400C4E95D /* ViewController.swift */ = {isa = PBXFileReference; lastKnownFileType = sourcecode.swift; path = ViewController.swift; sourceTree = "<group>"; };
		C443B8BD295CD87500C4E95D /* Assets.xcassets */ = {isa = PBXFileReference; lastKnownFileType = folder.assetcatalog; path = Assets.xcassets; sourceTree = "<group>"; };
		C443B8C0295CD87500C4E95D /* Base */ = {isa = PBXFileReference; lastKnownFileType = file.storyboard; name = Base; path = Base.lproj/Main.storyboard; sourceTree = "<group>"; };
		C443B8C2295CD87500C4E95D /* UnspecifiedQoS.entitlements */ = {isa = PBXFileReference; lastKnownFileType = text.plist.entitlements; path = UnspecifiedQoS.entitlements; sourceTree = "<group>"; };
		C443B8C7295CD87500C4E95D /* UnspecifiedQoSTests.xctest */ = {isa = PBXFileReference; explicitFileType = wrapper.cfbundle; includeInIndex = 0; path = UnspecifiedQoSTests.xctest; sourceTree = BUILT_PRODUCTS_DIR; };
		C443B8CB295CD87500C4E95D /* UnspecifiedQoSTests.swift */ = {isa = PBXFileReference; lastKnownFileType = sourcecode.swift; path = UnspecifiedQoSTests.swift; sourceTree = "<group>"; };
		C443B8E4295CD96D00C4E95D /* README.md */ = {isa = PBXFileReference; lastKnownFileType = net.daringfireball.markdown; path = README.md; sourceTree = "<group>"; };
		C443B8E5295CDF9100C4E95D /* LICENSE.md */ = {isa = PBXFileReference; lastKnownFileType = net.daringfireball.markdown; path = LICENSE.md; sourceTree = "<group>"; };
/* End PBXFileReference section */

/* Begin PBXFrameworksBuildPhase section */
		C443B8B3295CD87400C4E95D /* Frameworks */ = {
			isa = PBXFrameworksBuildPhase;
			buildActionMask = 2147483647;
			files = (
			);
			runOnlyForDeploymentPostprocessing = 0;
		};
		C443B8C4295CD87500C4E95D /* Frameworks */ = {
			isa = PBXFrameworksBuildPhase;
			buildActionMask = 2147483647;
			files = (
			);
			runOnlyForDeploymentPostprocessing = 0;
		};
/* End PBXFrameworksBuildPhase section */

/* Begin PBXGroup section */
		C443B8AD295CD87400C4E95D = {
			isa = PBXGroup;
			children = (
				C443B8E4295CD96D00C4E95D /* README.md */,
				C443B8E5295CDF9100C4E95D /* LICENSE.md */,
				C443B8B8295CD87400C4E95D /* UnspecifiedQoS */,
				C443B8CA295CD87500C4E95D /* UnspecifiedQoSTests */,
				C443B8B7295CD87400C4E95D /* Products */,
			);
			sourceTree = "<group>";
		};
		C443B8B7295CD87400C4E95D /* Products */ = {
			isa = PBXGroup;
			children = (
				C443B8B6295CD87400C4E95D /* UnspecifiedQoS.app */,
				C443B8C7295CD87500C4E95D /* UnspecifiedQoSTests.xctest */,
			);
			name = Products;
			sourceTree = "<group>";
		};
		C443B8B8295CD87400C4E95D /* UnspecifiedQoS */ = {
			isa = PBXGroup;
			children = (
				C443B8B9295CD87400C4E95D /* AppDelegate.swift */,
				C443B8BB295CD87400C4E95D /* ViewController.swift */,
				C443B8BD295CD87500C4E95D /* Assets.xcassets */,
				C443B8BF295CD87500C4E95D /* Main.storyboard */,
				C443B8C2295CD87500C4E95D /* UnspecifiedQoS.entitlements */,
			);
			path = UnspecifiedQoS;
			sourceTree = "<group>";
		};
		C443B8CA295CD87500C4E95D /* UnspecifiedQoSTests */ = {
			isa = PBXGroup;
			children = (
				C443B8CB295CD87500C4E95D /* UnspecifiedQoSTests.swift */,
			);
			path = UnspecifiedQoSTests;
			sourceTree = "<group>";
		};
/* End PBXGroup section */

/* Begin PBXNativeTarget section */
		C443B8B5295CD87400C4E95D /* UnspecifiedQoS */ = {
			isa = PBXNativeTarget;
			buildConfigurationList = C443B8DB295CD87500C4E95D /* Build configuration list for PBXNativeTarget "UnspecifiedQoS" */;
			buildPhases = (
				C443B8B2295CD87400C4E95D /* Sources */,
				C443B8B3295CD87400C4E95D /* Frameworks */,
				C443B8B4295CD87400C4E95D /* Resources */,
			);
			buildRules = (
			);
			dependencies = (
			);
			name = UnspecifiedQoS;
			productName = UnspecifiedQoS;
			productReference = C443B8B6295CD87400C4E95D /* UnspecifiedQoS.app */;
			productType = "com.apple.product-type.application";
		};
		C443B8C6295CD87500C4E95D /* UnspecifiedQoSTests */ = {
			isa = PBXNativeTarget;
			buildConfigurationList = C443B8DE295CD87500C4E95D /* Build configuration list for PBXNativeTarget "UnspecifiedQoSTests" */;
			buildPhases = (
				C443B8C3295CD87500C4E95D /* Sources */,
				C443B8C4295CD87500C4E95D /* Frameworks */,
				C443B8C5295CD87500C4E95D /* Resources */,
			);
			buildRules = (
			);
			dependencies = (
				C443B8C9295CD87500C4E95D /* PBXTargetDependency */,
			);
			name = UnspecifiedQoSTests;
			productName = UnspecifiedQoSTests;
			productReference = C443B8C7295CD87500C4E95D /* UnspecifiedQoSTests.xctest */;
			productType = "com.apple.product-type.bundle.unit-test";
		};
/* End PBXNativeTarget section */

/* Begin PBXProject section */
		C443B8AE295CD87400C4E95D /* Project object */ = {
			isa = PBXProject;
			attributes = {
				BuildIndependentTargetsInParallel = 1;
				LastSwiftUpdateCheck = 1420;
				LastUpgradeCheck = 1420;
				TargetAttributes = {
					C443B8B5295CD87400C4E95D = {
						CreatedOnToolsVersion = 14.2;
					};
					C443B8C6295CD87500C4E95D = {
						CreatedOnToolsVersion = 14.2;
						TestTargetID = C443B8B5295CD87400C4E95D;
					};
				};
			};
			buildConfigurationList = C443B8B1295CD87400C4E95D /* Build configuration list for PBXProject "UnspecifiedQoS" */;
			compatibilityVersion = "Xcode 14.0";
			developmentRegion = en;
			hasScannedForEncodings = 0;
			knownRegions = (
				en,
				Base,
			);
			mainGroup = C443B8AD295CD87400C4E95D;
			productRefGroup = C443B8B7295CD87400C4E95D /* Products */;
			projectDirPath = "";
			projectRoot = "";
			targets = (
				C443B8B5295CD87400C4E95D /* UnspecifiedQoS */,
				C443B8C6295CD87500C4E95D /* UnspecifiedQoSTests */,
			);
		};
/* End PBXProject section */

/* Begin PBXResourcesBuildPhase section */
		C443B8B4295CD87400C4E95D /* Resources */ = {
			isa = PBXResourcesBuildPhase;
			buildActionMask = 2147483647;
			files = (
				C443B8BE295CD87500C4E95D /* Assets.xcassets in Resources */,
				C443B8C1295CD87500C4E95D /* Main.storyboard in Resources */,
			);
			runOnlyForDeploymentPostprocessing = 0;
		};
		C443B8C5295CD87500C4E95D /* Resources */ = {
			isa = PBXResourcesBuildPhase;
			buildActionMask = 2147483647;
			files = (
			);
			runOnlyForDeploymentPostprocessing = 0;
		};
/* End PBXResourcesBuildPhase section */

/* Begin PBXSourcesBuildPhase section */
		C443B8B2295CD87400C4E95D /* Sources */ = {
			isa = PBXSourcesBuildPhase;
			buildActionMask = 2147483647;
			files = (
				C443B8BC295CD87400C4E95D /* ViewController.swift in Sources */,
				C443B8BA295CD87400C4E95D /* AppDelegate.swift in Sources */,
			);
			runOnlyForDeploymentPostprocessing = 0;
		};
		C443B8C3295CD87500C4E95D /* Sources */ = {
			isa = PBXSourcesBuildPhase;
			buildActionMask = 2147483647;
			files = (
				C443B8CC295CD87500C4E95D /* UnspecifiedQoSTests.swift in Sources */,
			);
			runOnlyForDeploymentPostprocessing = 0;
		};
/* End PBXSourcesBuildPhase section */

/* Begin PBXTargetDependency section */
		C443B8C9295CD87500C4E95D /* PBXTargetDependency */ = {
			isa = PBXTargetDependency;
			target = C443B8B5295CD87400C4E95D /* UnspecifiedQoS */;
			targetProxy = C443B8C8295CD87500C4E95D /* PBXContainerItemProxy */;
		};
/* End PBXTargetDependency section */

/* Begin PBXVariantGroup section */
		C443B8BF295CD87500C4E95D /* Main.storyboard */ = {
			isa = PBXVariantGroup;
			children = (
				C443B8C0295CD87500C4E95D /* Base */,
			);
			name = Main.storyboard;
			sourceTree = "<group>";
		};
/* End PBXVariantGroup section */

/* Begin XCBuildConfiguration section */
		C443B8D9295CD87500C4E95D /* Debug */ = {
			isa = XCBuildConfiguration;
			buildSettings = {
				ALWAYS_SEARCH_USER_PATHS = NO;
				CLANG_ANALYZER_NONNULL = YES;
				CLANG_ANALYZER_NUMBER_OBJECT_CONVERSION = YES_AGGRESSIVE;
				CLANG_CXX_LANGUAGE_STANDARD = "gnu++20";
				CLANG_ENABLE_MODULES = YES;
				CLANG_ENABLE_OBJC_ARC = YES;
				CLANG_ENABLE_OBJC_WEAK = YES;
				CLANG_WARN_BLOCK_CAPTURE_AUTORELEASING = YES;
				CLANG_WARN_BOOL_CONVERSION = YES;
				CLANG_WARN_COMMA = YES;
				CLANG_WARN_CONSTANT_CONVERSION = YES;
				CLANG_WARN_DEPRECATED_OBJC_IMPLEMENTATIONS = YES;
				CLANG_WARN_DIRECT_OBJC_ISA_USAGE = YES_ERROR;
				CLANG_WARN_DOCUMENTATION_COMMENTS = YES;
				CLANG_WARN_EMPTY_BODY = YES;
				CLANG_WARN_ENUM_CONVERSION = YES;
				CLANG_WARN_INFINITE_RECURSION = YES;
				CLANG_WARN_INT_CONVERSION = YES;
				CLANG_WARN_NON_LITERAL_NULL_CONVERSION = YES;
				CLANG_WARN_OBJC_IMPLICIT_RETAIN_SELF = YES;
				CLANG_WARN_OBJC_LITERAL_CONVERSION = YES;
				CLANG_WARN_OBJC_ROOT_CLASS = YES_ERROR;
				CLANG_WARN_QUOTED_INCLUDE_IN_FRAMEWORK_HEADER = YES;
				CLANG_WARN_RANGE_LOOP_ANALYSIS = YES;
				CLANG_WARN_STRICT_PROTOTYPES = YES;
				CLANG_WARN_SUSPICIOUS_MOVE = YES;
				CLANG_WARN_UNGUARDED_AVAILABILITY = YES_AGGRESSIVE;
				CLANG_WARN_UNREACHABLE_CODE = YES;
				CLANG_WARN__DUPLICATE_METHOD_MATCH = YES;
				COPY_PHASE_STRIP = NO;
				DEBUG_INFORMATION_FORMAT = dwarf;
				ENABLE_STRICT_OBJC_MSGSEND = YES;
				ENABLE_TESTABILITY = YES;
				GCC_C_LANGUAGE_STANDARD = gnu11;
				GCC_DYNAMIC_NO_PIC = NO;
				GCC_NO_COMMON_BLOCKS = YES;
				GCC_OPTIMIZATION_LEVEL = 0;
				GCC_PREPROCESSOR_DEFINITIONS = (
					"DEBUG=1",
					"$(inherited)",
				);
				GCC_WARN_64_TO_32_BIT_CONVERSION = YES;
				GCC_WARN_ABOUT_RETURN_TYPE = YES_ERROR;
				GCC_WARN_UNDECLARED_SELECTOR = YES;
				GCC_WARN_UNINITIALIZED_AUTOS = YES_AGGRESSIVE;
				GCC_WARN_UNUSED_FUNCTION = YES;
				GCC_WARN_UNUSED_VARIABLE = YES;
				MACOSX_DEPLOYMENT_TARGET = 13.1;
				MTL_ENABLE_DEBUG_INFO = INCLUDE_SOURCE;
				MTL_FAST_MATH = YES;
				ONLY_ACTIVE_ARCH = YES;
				SDKROOT = macosx;
				SWIFT_ACTIVE_COMPILATION_CONDITIONS = DEBUG;
				SWIFT_OPTIMIZATION_LEVEL = "-Onone";
			};
			name = Debug;
		};
		C443B8DA295CD87500C4E95D /* Release */ = {
			isa = XCBuildConfiguration;
			buildSettings = {
				ALWAYS_SEARCH_USER_PATHS = NO;
				CLANG_ANALYZER_NONNULL = YES;
				CLANG_ANALYZER_NUMBER_OBJECT_CONVERSION = YES_AGGRESSIVE;
				CLANG_CXX_LANGUAGE_STANDARD = "gnu++20";
				CLANG_ENABLE_MODULES = YES;
				CLANG_ENABLE_OBJC_ARC = YES;
				CLANG_ENABLE_OBJC_WEAK = YES;
				CLANG_WARN_BLOCK_CAPTURE_AUTORELEASING = YES;
				CLANG_WARN_BOOL_CONVERSION = YES;
				CLANG_WARN_COMMA = YES;
				CLANG_WARN_CONSTANT_CONVERSION = YES;
				CLANG_WARN_DEPRECATED_OBJC_IMPLEMENTATIONS = YES;
				CLANG_WARN_DIRECT_OBJC_ISA_USAGE = YES_ERROR;
				CLANG_WARN_DOCUMENTATION_COMMENTS = YES;
				CLANG_WARN_EMPTY_BODY = YES;
				CLANG_WARN_ENUM_CONVERSION = YES;
				CLANG_WARN_INFINITE_RECURSION = YES;
				CLANG_WARN_INT_CONVERSION = YES;
				CLANG_WARN_NON_LITERAL_NULL_CONVERSION = YES;
				CLANG_WARN_OBJC_IMPLICIT_RETAIN_SELF = YES;
				CLANG_WARN_OBJC_LITERAL_CONVERSION = YES;
				CLANG_WARN_OBJC_ROOT_CLASS = YES_ERROR;
				CLANG_WARN_QUOTED_INCLUDE_IN_FRAMEWORK_HEADER = YES;
				CLANG_WARN_RANGE_LOOP_ANALYSIS = YES;
				CLANG_WARN_STRICT_PROTOTYPES = YES;
				CLANG_WARN_SUSPICIOUS_MOVE = YES;
				CLANG_WARN_UNGUARDED_AVAILABILITY = YES_AGGRESSIVE;
				CLANG_WARN_UNREACHABLE_CODE = YES;
				CLANG_WARN__DUPLICATE_METHOD_MATCH = YES;
				COPY_PHASE_STRIP = NO;
				DEBUG_INFORMATION_FORMAT = "dwarf-with-dsym";
				ENABLE_NS_ASSERTIONS = NO;
				ENABLE_STRICT_OBJC_MSGSEND = YES;
				GCC_C_LANGUAGE_STANDARD = gnu11;
				GCC_NO_COMMON_BLOCKS = YES;
				GCC_WARN_64_TO_32_BIT_CONVERSION = YES;
				GCC_WARN_ABOUT_RETURN_TYPE = YES_ERROR;
				GCC_WARN_UNDECLARED_SELECTOR = YES;
				GCC_WARN_UNINITIALIZED_AUTOS = YES_AGGRESSIVE;
				GCC_WARN_UNUSED_FUNCTION = YES;
				GCC_WARN_UNUSED_VARIABLE = YES;
				MACOSX_DEPLOYMENT_TARGET = 13.1;
				MTL_ENABLE_DEBUG_INFO = NO;
				MTL_FAST_MATH = YES;
				SDKROOT = macosx;
				SWIFT_COMPILATION_MODE = wholemodule;
				SWIFT_OPTIMIZATION_LEVEL = "-O";
			};
			name = Release;
		};
		C443B8DC295CD87500C4E95D /* Debug */ = {
			isa = XCBuildConfiguration;
			buildSettings = {
				ASSETCATALOG_COMPILER_APPICON_NAME = AppIcon;
				ASSETCATALOG_COMPILER_GLOBAL_ACCENT_COLOR_NAME = AccentColor;
				CODE_SIGN_ENTITLEMENTS = UnspecifiedQoS/UnspecifiedQoS.entitlements;
				CODE_SIGN_STYLE = Automatic;
				COMBINE_HIDPI_IMAGES = YES;
				CURRENT_PROJECT_VERSION = 1;
				DEVELOPMENT_TEAM = UZAPXQTVQ4;
				ENABLE_HARDENED_RUNTIME = YES;
				GENERATE_INFOPLIST_FILE = YES;
				INFOPLIST_KEY_NSHumanReadableCopyright = "";
				INFOPLIST_KEY_NSMainStoryboardFile = Main;
				INFOPLIST_KEY_NSPrincipalClass = NSApplication;
				LD_RUNPATH_SEARCH_PATHS = (
					"$(inherited)",
					"@executable_path/../Frameworks",
				);
				MARKETING_VERSION = 1.0;
				PRODUCT_BUNDLE_IDENTIFIER = com.robertmryan.UnspecifiedQoS;
				PRODUCT_NAME = "$(TARGET_NAME)";
				SWIFT_EMIT_LOC_STRINGS = YES;
				SWIFT_VERSION = 5.0;
			};
			name = Debug;
		};
		C443B8DD295CD87500C4E95D /* Release */ = {
			isa = XCBuildConfiguration;
			buildSettings = {
				ASSETCATALOG_COMPILER_APPICON_NAME = AppIcon;
				ASSETCATALOG_COMPILER_GLOBAL_ACCENT_COLOR_NAME = AccentColor;
				CODE_SIGN_ENTITLEMENTS = UnspecifiedQoS/UnspecifiedQoS.entitlements;
				CODE_SIGN_STYLE = Automatic;
				COMBINE_HIDPI_IMAGES = YES;
				CURRENT_PROJECT_VERSION = 1;
				DEVELOPMENT_TEAM = UZAPXQTVQ4;
				ENABLE_HARDENED_RUNTIME = YES;
				GENERATE_INFOPLIST_FILE = YES;
				INFOPLIST_KEY_NSHumanReadableCopyright = "";
				INFOPLIST_KEY_NSMainStoryboardFile = Main;
				INFOPLIST_KEY_NSPrincipalClass = NSApplication;
				LD_RUNPATH_SEARCH_PATHS = (
					"$(inherited)",
					"@executable_path/../Frameworks",
				);
				MARKETING_VERSION = 1.0;
				PRODUCT_BUNDLE_IDENTIFIER = com.robertmryan.UnspecifiedQoS;
				PRODUCT_NAME = "$(TARGET_NAME)";
				SWIFT_EMIT_LOC_STRINGS = YES;
				SWIFT_VERSION = 5.0;
			};
			name = Release;
		};
		C443B8DF295CD87500C4E95D /* Debug */ = {
			isa = XCBuildConfiguration;
			buildSettings = {
				ALWAYS_EMBED_SWIFT_STANDARD_LIBRARIES = YES;
				BUNDLE_LOADER = "$(TEST_HOST)";
				CODE_SIGN_STYLE = Automatic;
				CURRENT_PROJECT_VERSION = 1;
				DEVELOPMENT_TEAM = UZAPXQTVQ4;
				GENERATE_INFOPLIST_FILE = YES;
				MACOSX_DEPLOYMENT_TARGET = 13.1;
				MARKETING_VERSION = 1.0;
				PRODUCT_BUNDLE_IDENTIFIER = com.robertmryan.UnspecifiedQoSTests;
				PRODUCT_NAME = "$(TARGET_NAME)";
				SWIFT_EMIT_LOC_STRINGS = NO;
				SWIFT_VERSION = 5.0;
				TEST_HOST = "$(BUILT_PRODUCTS_DIR)/UnspecifiedQoS.app/$(BUNDLE_EXECUTABLE_FOLDER_PATH)/UnspecifiedQoS";
			};
			name = Debug;
		};
		C443B8E0295CD87500C4E95D /* Release */ = {
			isa = XCBuildConfiguration;
			buildSettings = {
				ALWAYS_EMBED_SWIFT_STANDARD_LIBRARIES = YES;
				BUNDLE_LOADER = "$(TEST_HOST)";
				CODE_SIGN_STYLE = Automatic;
				CURRENT_PROJECT_VERSION = 1;
				DEVELOPMENT_TEAM = UZAPXQTVQ4;
				GENERATE_INFOPLIST_FILE = YES;
				MACOSX_DEPLOYMENT_TARGET = 13.1;
				MARKETING_VERSION = 1.0;
				PRODUCT_BUNDLE_IDENTIFIER = com.robertmryan.UnspecifiedQoSTests;
				PRODUCT_NAME = "$(TARGET_NAME)";
				SWIFT_EMIT_LOC_STRINGS = NO;
				SWIFT_VERSION = 5.0;
				TEST_HOST = "$(BUILT_PRODUCTS_DIR)/UnspecifiedQoS.app/$(BUNDLE_EXECUTABLE_FOLDER_PATH)/UnspecifiedQoS";
			};
			name = Release;
		};
/* End XCBuildConfiguration section */

/* Begin XCConfigurationList section */
		C443B8B1295CD87400C4E95D /* Build configuration list for PBXProject "UnspecifiedQoS" */ = {
			isa = XCConfigurationList;
			buildConfigurations = (
				C443B8D9295CD87500C4E95D /* Debug */,
				C443B8DA295CD87500C4E95D /* Release */,
			);
			defaultConfigurationIsVisible = 0;
			defaultConfigurationName = Release;
		};
		C443B8DB295CD87500C4E95D /* Build configuration list for PBXNativeTarget "UnspecifiedQoS" */ = {
			isa = XCConfigurationList;
			buildConfigurations = (
				C443B8DC295CD87500C4E95D /* Debug */,
				C443B8DD295CD87500C4E95D /* Release */,
			);
			defaultConfigurationIsVisible = 0;
			defaultConfigurationName = Release;
		};
		C443B8DE295CD87500C4E95D /* Build configuration list for PBXNativeTarget "UnspecifiedQoSTests" */ = {
			isa = XCConfigurationList;
			buildConfigurations = (
				C443B8DF295CD87500C4E95D /* Debug */,
				C443B8E0295CD87500C4E95D /* Release */,
			);
			defaultConfigurationIsVisible = 0;
			defaultConfigurationName = Release;
		};
/* End XCConfigurationList section */
	};
	rootObject = C443B8AE295CD87400C4E95D /* Project object */;
}
